
Microsoft Visual Studio Solution File, Format Version 12.00
# Visual Studio Version 16
VisualStudioVersion = 16.0.31424.327
MinimumVisualStudioVersion = 10.0.40219.1
Project("{FAE04EC0-301F-11D3-BF4B-00C04F79EFBC}") = "ExceptionApp", "ExceptionApp\ExceptionApp.csproj", "{89392C40-554C-4BBD-90DF-EA3CD8DF25E6}"
EndProject
Project("{FAE04EC0-301F-11D3-BF4B-00C04F79EFBC}") = "ExceptionDataTypeTests", "ExceptionDataTypeTests\ExceptionDataTypeTests.csproj", "{73C18803-BCE2-4426-8A5B-77AB7D678188}"
EndProject
Global
	GlobalSection(SolutionConfigurationPlatforms) = preSolution
		Debug|Any CPU = Debug|Any CPU
		Release|Any CPU = Release|Any CPU
	EndGlobalSection
	GlobalSection(ProjectConfigurationPlatforms) = postSolution
		{89392C40-554C-4BBD-90DF-EA3CD8DF25E6}.Debug|Any CPU.ActiveCfg = Debug|Any CPU
		{89392C40-554C-4BBD-90DF-EA3CD8DF25E6}.Debug|Any CPU.Build.0 = Debug|Any CPU
		{89392C40-554C-4BBD-90DF-EA3CD8DF25E6}.Release|Any CPU.ActiveCfg = Release|Any CPU
		{89392C40-554C-4BBD-90DF-EA3CD8DF25E6}.Release|Any CPU.Build.0 = Release|Any CPU
		{73C18803-BCE2-4426-8A5B-77AB7D678188}.Debug|Any CPU.ActiveCfg = Debug|Any CPU
		{73C18803-BCE2-4426-8A5B-77AB7D678188}.Debug|Any CPU.Build.0 = Debug|Any CPU
		{73C18803-BCE2-4426-8A5B-77AB7D678188}.Release|Any CPU.ActiveCfg = Release|Any CPU
		{73C18803-BCE2-4426-8A5B-77AB7D678188}.Release|Any CPU.Build.0 = Release|Any CPU
	EndGlobalSection
	GlobalSection(SolutionProperties) = preSolution
		HideSolutionNode = FALSE
	EndGlobalSection
	GlobalSection(ExtensibilityGlobals) = postSolution
		SolutionGuid = {C82765E2-DDD0-4457-AAFC-96869BC932B8}
	EndGlobalSection
EndGlobal
