
Microsoft Visual Studio Solution File, Format Version 12.00
# Visual Studio Version 16
VisualStudioVersion = 16.0.31424.327
MinimumVisualStudioVersion = 10.0.40219.1
Project("{9A19103F-16F7-4668-BE54-9A1E7A4F7556}") = "ClassesAndStructsApp", "ClassesAndStructsApp\ClassesAndStructsApp.csproj", "{989DA320-DDA6-497D-86D0-EC2A78730E01}"
EndProject
Project("{FAE04EC0-301F-11D3-BF4B-00C04F79EFBC}") = "TestClassesAndStruct", "TestVehicleClass\TestClassesAndStruct.csproj", "{AE2420D5-806A-49E1-A14D-D7A2ACAEC48E}"
EndProject
Global
	GlobalSection(SolutionConfigurationPlatforms) = preSolution
		Debug|Any CPU = Debug|Any CPU
		Release|Any CPU = Release|Any CPU
	EndGlobalSection
	GlobalSection(ProjectConfigurationPlatforms) = postSolution
		{989DA320-DDA6-497D-86D0-EC2A78730E01}.Debug|Any CPU.ActiveCfg = Debug|Any CPU
		{989DA320-DDA6-497D-86D0-EC2A78730E01}.Debug|Any CPU.Build.0 = Debug|Any CPU
		{989DA320-DDA6-497D-86D0-EC2A78730E01}.Release|Any CPU.ActiveCfg = Release|Any CPU
		{989DA320-DDA6-497D-86D0-EC2A78730E01}.Release|Any CPU.Build.0 = Release|Any CPU
		{AE2420D5-806A-49E1-A14D-D7A2ACAEC48E}.Debug|Any CPU.ActiveCfg = Debug|Any CPU
		{AE2420D5-806A-49E1-A14D-D7A2ACAEC48E}.Debug|Any CPU.Build.0 = Debug|Any CPU
		{AE2420D5-806A-49E1-A14D-D7A2ACAEC48E}.Release|Any CPU.ActiveCfg = Release|Any CPU
		{AE2420D5-806A-49E1-A14D-D7A2ACAEC48E}.Release|Any CPU.Build.0 = Release|Any CPU
	EndGlobalSection
	GlobalSection(SolutionProperties) = preSolution
		HideSolutionNode = FALSE
	EndGlobalSection
	GlobalSection(ExtensibilityGlobals) = postSolution
		SolutionGuid = {8B0B3590-9B96-4CAD-84C8-79D592A77D3F}
	EndGlobalSection
EndGlobal
